
Microsoft Visual Studio Solution File, Format Version 12.00
# Visual Studio 15
VisualStudioVersion = 15.0.27130.2026
MinimumVisualStudioVersion = 10.0.40219.1
Project("{FAE04EC0-301F-11D3-BF4B-00C04F79EFBC}") = "SocalTest", "SocalTest\SocalTest.csproj", "{820A0CA0-15A1-46BA-8978-4AC089EC7B9B}"
EndProject
Global
	GlobalSection(SolutionConfigurationPlatforms) = preSolution
		Debug|Any CPU = Debug|Any CPU
		Release|Any CPU = Release|Any CPU
	EndGlobalSection
	GlobalSection(ProjectConfigurationPlatforms) = postSolution
		{820A0CA0-15A1-46BA-8978-4AC089EC7B9B}.Debug|Any CPU.ActiveCfg = Debug|Any CPU
		{820A0CA0-15A1-46BA-8978-4AC089EC7B9B}.Debug|Any CPU.Build.0 = Debug|Any CPU
		{820A0CA0-15A1-46BA-8978-4AC089EC7B9B}.Release|Any CPU.ActiveCfg = Release|Any CPU
		{820A0CA0-15A1-46BA-8978-4AC089EC7B9B}.Release|Any CPU.Build.0 = Release|Any CPU
	EndGlobalSection
	GlobalSection(SolutionProperties) = preSolution
		HideSolutionNode = FALSE
	EndGlobalSection
	GlobalSection(ExtensibilityGlobals) = postSolution
		SolutionGuid = {7B614CFF-723C-492E-8DD3-8514D4A264D6}
	EndGlobalSection
EndGlobal
